
Microsoft Visual Studio Solution File, Format Version 12.00
# Visual Studio Version 17
VisualStudioVersion = 17.4.33213.308
MinimumVisualStudioVersion = 10.0.40219.1
Project("{9A19103F-16F7-4668-BE54-9A1E7A4F7556}") = "SkinEmpireReforged", "SkinEmpireReforged\SkinEmpireReforged.csproj", "{A418D05E-0A3A-4301-89D6-AB5363FBB04C}"
EndProject
Global
	GlobalSection(SolutionConfigurationPlatforms) = preSolution
		Debug|Any CPU = Debug|Any CPU
		Release|Any CPU = Release|Any CPU
	EndGlobalSection
	GlobalSection(ProjectConfigurationPlatforms) = postSolution
		{A418D05E-0A3A-4301-89D6-AB5363FBB04C}.Debug|Any CPU.ActiveCfg = Debug|Any CPU
		{A418D05E-0A3A-4301-89D6-AB5363FBB04C}.Debug|Any CPU.Build.0 = Debug|Any CPU
		{A418D05E-0A3A-4301-89D6-AB5363FBB04C}.Release|Any CPU.ActiveCfg = Release|Any CPU
		{A418D05E-0A3A-4301-89D6-AB5363FBB04C}.Release|Any CPU.Build.0 = Release|Any CPU
	EndGlobalSection
	GlobalSection(SolutionProperties) = preSolution
		HideSolutionNode = FALSE
	EndGlobalSection
	GlobalSection(ExtensibilityGlobals) = postSolution
		SolutionGuid = {F8EA56B2-84F9-455B-9113-300F3499DF38}
	EndGlobalSection
EndGlobal
